
Microsoft Visual Studio Solution File, Format Version 12.00
# Visual Studio Version 16
VisualStudioVersion = 16.0.31313.79
MinimumVisualStudioVersion = 10.0.40219.1
Project("{FAE04EC0-301F-11D3-BF4B-00C04F79EFBC}") = "01AdvertisementMessage", "01AdvertisementMessage\01AdvertisementMessage.csproj", "{4C150B37-FF56-4C37-AE35-791A5D38B71B}"
EndProject
Project("{FAE04EC0-301F-11D3-BF4B-00C04F79EFBC}") = "02Articles", "02Articles\02Articles.csproj", "{22FBE304-BAF5-4A57-8415-15CF11D203AD}"
EndProject
Project("{FAE04EC0-301F-11D3-BF4B-00C04F79EFBC}") = "03Articles20", "03Articles20\03Articles20.csproj", "{0FFBBF01-3A9F-41ED-B57E-BAC56D8BCDFA}"
EndProject
Project("{FAE04EC0-301F-11D3-BF4B-00C04F79EFBC}") = "04Students", "04Students\04Students.csproj", "{544F84B1-4739-4590-B4D0-DB7E51D01400}"
EndProject
Project("{FAE04EC0-301F-11D3-BF4B-00C04F79EFBC}") = "05TeamworkProjects", "05TeamworkProjects\05TeamworkProjects.csproj", "{1C6A5EAE-8EDB-42F9-9E67-91505DF08612}"
EndProject
Project("{FAE04EC0-301F-11D3-BF4B-00C04F79EFBC}") = "06VehicleCatalogue", "06VehicleCatalogue\06VehicleCatalogue.csproj", "{A5F5E26D-5855-4A3D-A9A0-10423CB30828}"
EndProject
Project("{FAE04EC0-301F-11D3-BF4B-00C04F79EFBC}") = "07OrderbyAge", "07OrderbyAge\07OrderbyAge.csproj", "{C8C0EC09-8FAE-4959-94F5-E24B93ADCCCD}"
EndProject
Global
	GlobalSection(SolutionConfigurationPlatforms) = preSolution
		Debug|Any CPU = Debug|Any CPU
		Release|Any CPU = Release|Any CPU
	EndGlobalSection
	GlobalSection(ProjectConfigurationPlatforms) = postSolution
		{4C150B37-FF56-4C37-AE35-791A5D38B71B}.Debug|Any CPU.ActiveCfg = Debug|Any CPU
		{4C150B37-FF56-4C37-AE35-791A5D38B71B}.Debug|Any CPU.Build.0 = Debug|Any CPU
		{4C150B37-FF56-4C37-AE35-791A5D38B71B}.Release|Any CPU.ActiveCfg = Release|Any CPU
		{4C150B37-FF56-4C37-AE35-791A5D38B71B}.Release|Any CPU.Build.0 = Release|Any CPU
		{22FBE304-BAF5-4A57-8415-15CF11D203AD}.Debug|Any CPU.ActiveCfg = Debug|Any CPU
		{22FBE304-BAF5-4A57-8415-15CF11D203AD}.Debug|Any CPU.Build.0 = Debug|Any CPU
		{22FBE304-BAF5-4A57-8415-15CF11D203AD}.Release|Any CPU.ActiveCfg = Release|Any CPU
		{22FBE304-BAF5-4A57-8415-15CF11D203AD}.Release|Any CPU.Build.0 = Release|Any CPU
		{0FFBBF01-3A9F-41ED-B57E-BAC56D8BCDFA}.Debug|Any CPU.ActiveCfg = Debug|Any CPU
		{0FFBBF01-3A9F-41ED-B57E-BAC56D8BCDFA}.Debug|Any CPU.Build.0 = Debug|Any CPU
		{0FFBBF01-3A9F-41ED-B57E-BAC56D8BCDFA}.Release|Any CPU.ActiveCfg = Release|Any CPU
		{0FFBBF01-3A9F-41ED-B57E-BAC56D8BCDFA}.Release|Any CPU.Build.0 = Release|Any CPU
		{544F84B1-4739-4590-B4D0-DB7E51D01400}.Debug|Any CPU.ActiveCfg = Debug|Any CPU
		{544F84B1-4739-4590-B4D0-DB7E51D01400}.Debug|Any CPU.Build.0 = Debug|Any CPU
		{544F84B1-4739-4590-B4D0-DB7E51D01400}.Release|Any CPU.ActiveCfg = Release|Any CPU
		{544F84B1-4739-4590-B4D0-DB7E51D01400}.Release|Any CPU.Build.0 = Release|Any CPU
		{1C6A5EAE-8EDB-42F9-9E67-91505DF08612}.Debug|Any CPU.ActiveCfg = Debug|Any CPU
		{1C6A5EAE-8EDB-42F9-9E67-91505DF08612}.Debug|Any CPU.Build.0 = Debug|Any CPU
		{1C6A5EAE-8EDB-42F9-9E67-91505DF08612}.Release|Any CPU.ActiveCfg = Release|Any CPU
		{1C6A5EAE-8EDB-42F9-9E67-91505DF08612}.Release|Any CPU.Build.0 = Release|Any CPU
		{A5F5E26D-5855-4A3D-A9A0-10423CB30828}.Debug|Any CPU.ActiveCfg = Debug|Any CPU
		{A5F5E26D-5855-4A3D-A9A0-10423CB30828}.Debug|Any CPU.Build.0 = Debug|Any CPU
		{A5F5E26D-5855-4A3D-A9A0-10423CB30828}.Release|Any CPU.ActiveCfg = Release|Any CPU
		{A5F5E26D-5855-4A3D-A9A0-10423CB30828}.Release|Any CPU.Build.0 = Release|Any CPU
		{C8C0EC09-8FAE-4959-94F5-E24B93ADCCCD}.Debug|Any CPU.ActiveCfg = Debug|Any CPU
		{C8C0EC09-8FAE-4959-94F5-E24B93ADCCCD}.Debug|Any CPU.Build.0 = Debug|Any CPU
		{C8C0EC09-8FAE-4959-94F5-E24B93ADCCCD}.Release|Any CPU.ActiveCfg = Release|Any CPU
		{C8C0EC09-8FAE-4959-94F5-E24B93ADCCCD}.Release|Any CPU.Build.0 = Release|Any CPU
	EndGlobalSection
	GlobalSection(SolutionProperties) = preSolution
		HideSolutionNode = FALSE
	EndGlobalSection
	GlobalSection(ExtensibilityGlobals) = postSolution
		SolutionGuid = {F5B34E2C-D11A-4B0C-9771-3F53E8098D6C}
	EndGlobalSection
EndGlobal
